# This file is autogenerated, do not edit; changes may be undone by the next 'dep ensure'.


[[projects]]
  branch = "master"
  name = "github.com/blacked/go-zabbix"
  packages = ["."]
  revision = "3c6a95ec4fdc345b48c4e0e5f5c87d48d3fc40b5"

[[projects]]
  name = "github.com/docopt/docopt-go"
  packages = ["."]
  revision = "784ddc588536785e7299f7272f39101f7faccc3f"
  version = "0.6.2"

[[projects]]
  name = "github.com/michaelklishin/rabbit-hole"
  packages = ["."]
  revision = "751d8f6874248f7243698c6f8377983879d744e9"
  version = "v1.4.0"

[solve-meta]
  analyzer-name = "dep"
  analyzer-version = 1
  inputs-digest = "962ce2267713f2b2901638158d041803237834ecc585ea8bfdf9fbef286ed650"
  solver-name = "gps-cdcl"
  solver-version = 1
